
Microsoft Visual Studio Solution File, Format Version 12.00
# Visual Studio Version 16
VisualStudioVersion = 16.0.30523.141
MinimumVisualStudioVersion = 10.0.40219.1
Project("{FAE04EC0-301F-11D3-BF4B-00C04F79EFBC}") = "Expert_system", "Expert_system\Expert_system.csproj", "{BB119B20-98E8-4E58-B9C7-5F874EA6942D}"
EndProject
Global
	GlobalSection(SolutionConfigurationPlatforms) = preSolution
		Debug|Any CPU = Debug|Any CPU
		Release|Any CPU = Release|Any CPU
	EndGlobalSection
	GlobalSection(ProjectConfigurationPlatforms) = postSolution
		{BB119B20-98E8-4E58-B9C7-5F874EA6942D}.Debug|Any CPU.ActiveCfg = Debug|Any CPU
		{BB119B20-98E8-4E58-B9C7-5F874EA6942D}.Debug|Any CPU.Build.0 = Debug|Any CPU
		{BB119B20-98E8-4E58-B9C7-5F874EA6942D}.Release|Any CPU.ActiveCfg = Release|Any CPU
		{BB119B20-98E8-4E58-B9C7-5F874EA6942D}.Release|Any CPU.Build.0 = Release|Any CPU
	EndGlobalSection
	GlobalSection(SolutionProperties) = preSolution
		HideSolutionNode = FALSE
	EndGlobalSection
	GlobalSection(ExtensibilityGlobals) = postSolution
		SolutionGuid = {9E71BB9B-732E-4A9D-83FC-8748587B2968}
	EndGlobalSection
EndGlobal
